
Microsoft Visual Studio Solution File, Format Version 12.00
# Visual Studio 15
VisualStudioVersion = 15.0.26124.0
MinimumVisualStudioVersion = 15.0.26124.0
Project("{FAE04EC0-301F-11D3-BF4B-00C04F79EFBC}") = "lox", "lox\src\lox.csproj", "{5C153EB3-1231-4D29-B508-5AF489189D47}"
EndProject
Project("{FAE04EC0-301F-11D3-BF4B-00C04F79EFBC}") = "lox.tests", "lox\test\lox.tests.csproj", "{BE356C6B-5B78-4435-B370-B09749F5D363}"
EndProject
Project("{FAE04EC0-301F-11D3-BF4B-00C04F79EFBC}") = "astprinter", "astprinter\astprinter.csproj", "{11462DC0-8801-47EF-BE09-C58008B2AB6B}"
EndProject
Project("{2150E333-8FDC-42A3-9474-1A3956D46DE8}") = "monads", "monads", "{AFCE54D5-E742-4865-8E07-18728D8AD57C}"
EndProject
Project("{FAE04EC0-301F-11D3-BF4B-00C04F79EFBC}") = "monads", "monads\src\monads.csproj", "{21B77659-406A-4376-B898-B5C37EEAFDF6}"
EndProject
Project("{FAE04EC0-301F-11D3-BF4B-00C04F79EFBC}") = "mondads.tests", "monads\test\mondads.tests.csproj", "{173DC36E-49A9-4502-BDA4-86AB87AF5C97}"
EndProject
Global
	GlobalSection(SolutionConfigurationPlatforms) = preSolution
		Debug|Any CPU = Debug|Any CPU
		Debug|x64 = Debug|x64
		Debug|x86 = Debug|x86
		Release|Any CPU = Release|Any CPU
		Release|x64 = Release|x64
		Release|x86 = Release|x86
	EndGlobalSection
	GlobalSection(SolutionProperties) = preSolution
		HideSolutionNode = FALSE
	EndGlobalSection
	GlobalSection(ProjectConfigurationPlatforms) = postSolution
		{5C153EB3-1231-4D29-B508-5AF489189D47}.Debug|Any CPU.ActiveCfg = Debug|Any CPU
		{5C153EB3-1231-4D29-B508-5AF489189D47}.Debug|Any CPU.Build.0 = Debug|Any CPU
		{5C153EB3-1231-4D29-B508-5AF489189D47}.Debug|x64.ActiveCfg = Debug|Any CPU
		{5C153EB3-1231-4D29-B508-5AF489189D47}.Debug|x64.Build.0 = Debug|Any CPU
		{5C153EB3-1231-4D29-B508-5AF489189D47}.Debug|x86.ActiveCfg = Debug|Any CPU
		{5C153EB3-1231-4D29-B508-5AF489189D47}.Debug|x86.Build.0 = Debug|Any CPU
		{5C153EB3-1231-4D29-B508-5AF489189D47}.Release|Any CPU.ActiveCfg = Release|Any CPU
		{5C153EB3-1231-4D29-B508-5AF489189D47}.Release|Any CPU.Build.0 = Release|Any CPU
		{5C153EB3-1231-4D29-B508-5AF489189D47}.Release|x64.ActiveCfg = Release|Any CPU
		{5C153EB3-1231-4D29-B508-5AF489189D47}.Release|x64.Build.0 = Release|Any CPU
		{5C153EB3-1231-4D29-B508-5AF489189D47}.Release|x86.ActiveCfg = Release|Any CPU
		{5C153EB3-1231-4D29-B508-5AF489189D47}.Release|x86.Build.0 = Release|Any CPU
		{BE356C6B-5B78-4435-B370-B09749F5D363}.Debug|Any CPU.ActiveCfg = Debug|Any CPU
		{BE356C6B-5B78-4435-B370-B09749F5D363}.Debug|Any CPU.Build.0 = Debug|Any CPU
		{BE356C6B-5B78-4435-B370-B09749F5D363}.Debug|x64.ActiveCfg = Debug|Any CPU
		{BE356C6B-5B78-4435-B370-B09749F5D363}.Debug|x64.Build.0 = Debug|Any CPU
		{BE356C6B-5B78-4435-B370-B09749F5D363}.Debug|x86.ActiveCfg = Debug|Any CPU
		{BE356C6B-5B78-4435-B370-B09749F5D363}.Debug|x86.Build.0 = Debug|Any CPU
		{BE356C6B-5B78-4435-B370-B09749F5D363}.Release|Any CPU.ActiveCfg = Release|Any CPU
		{BE356C6B-5B78-4435-B370-B09749F5D363}.Release|Any CPU.Build.0 = Release|Any CPU
		{BE356C6B-5B78-4435-B370-B09749F5D363}.Release|x64.ActiveCfg = Release|Any CPU
		{BE356C6B-5B78-4435-B370-B09749F5D363}.Release|x64.Build.0 = Release|Any CPU
		{BE356C6B-5B78-4435-B370-B09749F5D363}.Release|x86.ActiveCfg = Release|Any CPU
		{BE356C6B-5B78-4435-B370-B09749F5D363}.Release|x86.Build.0 = Release|Any CPU
		{11462DC0-8801-47EF-BE09-C58008B2AB6B}.Debug|Any CPU.ActiveCfg = Debug|Any CPU
		{11462DC0-8801-47EF-BE09-C58008B2AB6B}.Debug|Any CPU.Build.0 = Debug|Any CPU
		{11462DC0-8801-47EF-BE09-C58008B2AB6B}.Debug|x64.ActiveCfg = Debug|Any CPU
		{11462DC0-8801-47EF-BE09-C58008B2AB6B}.Debug|x64.Build.0 = Debug|Any CPU
		{11462DC0-8801-47EF-BE09-C58008B2AB6B}.Debug|x86.ActiveCfg = Debug|Any CPU
		{11462DC0-8801-47EF-BE09-C58008B2AB6B}.Debug|x86.Build.0 = Debug|Any CPU
		{11462DC0-8801-47EF-BE09-C58008B2AB6B}.Release|Any CPU.ActiveCfg = Release|Any CPU
		{11462DC0-8801-47EF-BE09-C58008B2AB6B}.Release|Any CPU.Build.0 = Release|Any CPU
		{11462DC0-8801-47EF-BE09-C58008B2AB6B}.Release|x64.ActiveCfg = Release|Any CPU
		{11462DC0-8801-47EF-BE09-C58008B2AB6B}.Release|x64.Build.0 = Release|Any CPU
		{11462DC0-8801-47EF-BE09-C58008B2AB6B}.Release|x86.ActiveCfg = Release|Any CPU
		{11462DC0-8801-47EF-BE09-C58008B2AB6B}.Release|x86.Build.0 = Release|Any CPU
		{21B77659-406A-4376-B898-B5C37EEAFDF6}.Debug|Any CPU.ActiveCfg = Debug|Any CPU
		{21B77659-406A-4376-B898-B5C37EEAFDF6}.Debug|Any CPU.Build.0 = Debug|Any CPU
		{21B77659-406A-4376-B898-B5C37EEAFDF6}.Debug|x64.ActiveCfg = Debug|Any CPU
		{21B77659-406A-4376-B898-B5C37EEAFDF6}.Debug|x64.Build.0 = Debug|Any CPU
		{21B77659-406A-4376-B898-B5C37EEAFDF6}.Debug|x86.ActiveCfg = Debug|Any CPU
		{21B77659-406A-4376-B898-B5C37EEAFDF6}.Debug|x86.Build.0 = Debug|Any CPU
		{21B77659-406A-4376-B898-B5C37EEAFDF6}.Release|Any CPU.ActiveCfg = Release|Any CPU
		{21B77659-406A-4376-B898-B5C37EEAFDF6}.Release|Any CPU.Build.0 = Release|Any CPU
		{21B77659-406A-4376-B898-B5C37EEAFDF6}.Release|x64.ActiveCfg = Release|Any CPU
		{21B77659-406A-4376-B898-B5C37EEAFDF6}.Release|x64.Build.0 = Release|Any CPU
		{21B77659-406A-4376-B898-B5C37EEAFDF6}.Release|x86.ActiveCfg = Release|Any CPU
		{21B77659-406A-4376-B898-B5C37EEAFDF6}.Release|x86.Build.0 = Release|Any CPU
		{173DC36E-49A9-4502-BDA4-86AB87AF5C97}.Debug|Any CPU.ActiveCfg = Debug|Any CPU
		{173DC36E-49A9-4502-BDA4-86AB87AF5C97}.Debug|Any CPU.Build.0 = Debug|Any CPU
		{173DC36E-49A9-4502-BDA4-86AB87AF5C97}.Debug|x64.ActiveCfg = Debug|Any CPU
		{173DC36E-49A9-4502-BDA4-86AB87AF5C97}.Debug|x64.Build.0 = Debug|Any CPU
		{173DC36E-49A9-4502-BDA4-86AB87AF5C97}.Debug|x86.ActiveCfg = Debug|Any CPU
		{173DC36E-49A9-4502-BDA4-86AB87AF5C97}.Debug|x86.Build.0 = Debug|Any CPU
		{173DC36E-49A9-4502-BDA4-86AB87AF5C97}.Release|Any CPU.ActiveCfg = Release|Any CPU
		{173DC36E-49A9-4502-BDA4-86AB87AF5C97}.Release|Any CPU.Build.0 = Release|Any CPU
		{173DC36E-49A9-4502-BDA4-86AB87AF5C97}.Release|x64.ActiveCfg = Release|Any CPU
		{173DC36E-49A9-4502-BDA4-86AB87AF5C97}.Release|x64.Build.0 = Release|Any CPU
		{173DC36E-49A9-4502-BDA4-86AB87AF5C97}.Release|x86.ActiveCfg = Release|Any CPU
		{173DC36E-49A9-4502-BDA4-86AB87AF5C97}.Release|x86.Build.0 = Release|Any CPU
	EndGlobalSection
	GlobalSection(NestedProjects) = preSolution
		{21B77659-406A-4376-B898-B5C37EEAFDF6} = {AFCE54D5-E742-4865-8E07-18728D8AD57C}
		{173DC36E-49A9-4502-BDA4-86AB87AF5C97} = {AFCE54D5-E742-4865-8E07-18728D8AD57C}
	EndGlobalSection
EndGlobal
